
Microsoft Visual Studio Solution File, Format Version 12.00
# Visual Studio Version 16
VisualStudioVersion = 16.0.31205.134
MinimumVisualStudioVersion = 10.0.40219.1
Project("{FAE04EC0-301F-11D3-BF4B-00C04F79EFBC}") = "RestAPI", "RestAPI\RestAPI.csproj", "{512CADB5-B881-4E25-BA83-2A827D142E1B}"
EndProject
Global
	GlobalSection(SolutionConfigurationPlatforms) = preSolution
		Debug|Any CPU = Debug|Any CPU
		Release|Any CPU = Release|Any CPU
	EndGlobalSection
	GlobalSection(ProjectConfigurationPlatforms) = postSolution
		{512CADB5-B881-4E25-BA83-2A827D142E1B}.Debug|Any CPU.ActiveCfg = Debug|Any CPU
		{512CADB5-B881-4E25-BA83-2A827D142E1B}.Debug|Any CPU.Build.0 = Debug|Any CPU
		{512CADB5-B881-4E25-BA83-2A827D142E1B}.Release|Any CPU.ActiveCfg = Release|Any CPU
		{512CADB5-B881-4E25-BA83-2A827D142E1B}.Release|Any CPU.Build.0 = Release|Any CPU
	EndGlobalSection
	GlobalSection(SolutionProperties) = preSolution
		HideSolutionNode = FALSE
	EndGlobalSection
	GlobalSection(ExtensibilityGlobals) = postSolution
		SolutionGuid = {54263E39-73F5-4795-8F27-7254FF9F74D9}
	EndGlobalSection
EndGlobal
